
Microsoft Visual Studio Solution File, Format Version 12.00
# Visual Studio Version 17
VisualStudioVersion = 17.7.34202.233
MinimumVisualStudioVersion = 10.0.40219.1
Project("{FAE04EC0-301F-11D3-BF4B-00C04F79EFBC}") = "Lab3", "Lab3.csproj", "{8B468E67-127F-45CD-B7EA-0A6AED4EC153}"
EndProject
Global
	GlobalSection(SolutionConfigurationPlatforms) = preSolution
		Debug|Any CPU = Debug|Any CPU
		Release|Any CPU = Release|Any CPU
	EndGlobalSection
	GlobalSection(ProjectConfigurationPlatforms) = postSolution
		{8B468E67-127F-45CD-B7EA-0A6AED4EC153}.Debug|Any CPU.ActiveCfg = Debug|Any CPU
		{8B468E67-127F-45CD-B7EA-0A6AED4EC153}.Debug|Any CPU.Build.0 = Debug|Any CPU
		{8B468E67-127F-45CD-B7EA-0A6AED4EC153}.Release|Any CPU.ActiveCfg = Release|Any CPU
		{8B468E67-127F-45CD-B7EA-0A6AED4EC153}.Release|Any CPU.Build.0 = Release|Any CPU
	EndGlobalSection
	GlobalSection(SolutionProperties) = preSolution
		HideSolutionNode = FALSE
	EndGlobalSection
	GlobalSection(ExtensibilityGlobals) = postSolution
		SolutionGuid = {D90D31F3-2B45-44F8-BFFE-7ED7715476BA}
	EndGlobalSection
EndGlobal
